// !$*UTF8*$!
{
	archiveVersion = 1;
	classes = {
	};
	objectVersion = 50;
	objects = {

/* Begin PBXBuildFile section */
		2899365321FCDE3400D2FFCE /* AppDelegate.swift in Sources */ = {isa = PBXBuildFile; fileRef = 2899365221FCDE3400D2FFCE /* AppDelegate.swift */; };
		2899365521FCDE3400D2FFCE /* ViewController.swift in Sources */ = {isa = PBXBuildFile; fileRef = 2899365421FCDE3400D2FFCE /* ViewController.swift */; };
		2899365821FCDE3400D2FFCE /* Main.storyboard in Resources */ = {isa = PBXBuildFile; fileRef = 2899365621FCDE3400D2FFCE /* Main.storyboard */; };
		2899365A21FCDE3500D2FFCE /* Assets.xcassets in Resources */ = {isa = PBXBuildFile; fileRef = 2899365921FCDE3500D2FFCE /* Assets.xcassets */; };
		2899365D21FCDE3500D2FFCE /* LaunchScreen.storyboard in Resources */ = {isa = PBXBuildFile; fileRef = 2899365B21FCDE3500D2FFCE /* LaunchScreen.storyboard */; };
		2899366821FCDE3600D2FFCE /* Eco_UsTests.swift in Sources */ = {isa = PBXBuildFile; fileRef = 2899366721FCDE3600D2FFCE /* Eco_UsTests.swift */; };
/* End PBXBuildFile section */

/* Begin PBXContainerItemProxy section */
		2899366421FCDE3600D2FFCE /* PBXContainerItemProxy */ = {
			isa = PBXContainerItemProxy;
			containerPortal = 2899364721FCDE3400D2FFCE /* Project object */;
			proxyType = 1;
			remoteGlobalIDString = 2899364E21FCDE3400D2FFCE;
			remoteInfo = "Eco-Us";
		};
/* End PBXContainerItemProxy section */

/* Begin PBXFileReference section */
		2899364F21FCDE3400D2FFCE /* Eco-Us.app */ = {isa = PBXFileReference; explicitFileType = wrapper.application; includeInIndex = 0; path = "Eco-Us.app"; sourceTree = BUILT_PRODUCTS_DIR; };
		2899365221FCDE3400D2FFCE /* AppDelegate.swift */ = {isa = PBXFileReference; lastKnownFileType = sourcecode.swift; path = AppDelegate.swift; sourceTree = "<group>"; };
		2899365421FCDE3400D2FFCE /* ViewController.swift */ = {isa = PBXFileReference; lastKnownFileType = sourcecode.swift; path = ViewController.swift; sourceTree = "<group>"; };
		2899365721FCDE3400D2FFCE /* Base */ = {isa = PBXFileReference; lastKnownFileType = file.storyboard; name = Base; path = Base.lproj/Main.storyboard; sourceTree = "<group>"; };
		2899365921FCDE3500D2FFCE /* Assets.xcassets */ = {isa = PBXFileReference; lastKnownFileType = folder.assetcatalog; path = Assets.xcassets; sourceTree = "<group>"; };
		2899365C21FCDE3500D2FFCE /* Base */ = {isa = PBXFileReference; lastKnownFileType = file.storyboard; name = Base; path = Base.lproj/LaunchScreen.storyboard; sourceTree = "<group>"; };
		2899365E21FCDE3500D2FFCE /* Info.plist */ = {isa = PBXFileReference; lastKnownFileType = text.plist.xml; path = Info.plist; sourceTree = "<group>"; };
		2899366321FCDE3600D2FFCE /* Eco-UsTests.xctest */ = {isa = PBXFileReference; explicitFileType = wrapper.cfbundle; includeInIndex = 0; path = "Eco-UsTests.xctest"; sourceTree = BUILT_PRODUCTS_DIR; };
		2899366721FCDE3600D2FFCE /* Eco_UsTests.swift */ = {isa = PBXFileReference; lastKnownFileType = sourcecode.swift; path = Eco_UsTests.swift; sourceTree = "<group>"; };
		2899366921FCDE3600D2FFCE /* Info.plist */ = {isa = PBXFileReference; lastKnownFileType = text.plist.xml; path = Info.plist; sourceTree = "<group>"; };
/* End PBXFileReference section */

/* Begin PBXFrameworksBuildPhase section */
		2899364C21FCDE3400D2FFCE /* Frameworks */ = {
			isa = PBXFrameworksBuildPhase;
			buildActionMask = 2147483647;
			files = (
			);
			runOnlyForDeploymentPostprocessing = 0;
		};
		2899366021FCDE3600D2FFCE /* Frameworks */ = {
			isa = PBXFrameworksBuildPhase;
			buildActionMask = 2147483647;
			files = (
			);
			runOnlyForDeploymentPostprocessing = 0;
		};
/* End PBXFrameworksBuildPhase section */

/* Begin PBXGroup section */
		2899364621FCDE3400D2FFCE = {
			isa = PBXGroup;
			children = (
				2899365121FCDE3400D2FFCE /* Eco-Us */,
				2899366621FCDE3600D2FFCE /* Eco-UsTests */,
				2899365021FCDE3400D2FFCE /* Products */,
			);
			sourceTree = "<group>";
		};
		2899365021FCDE3400D2FFCE /* Products */ = {
			isa = PBXGroup;
			children = (
				2899364F21FCDE3400D2FFCE /* Eco-Us.app */,
				2899366321FCDE3600D2FFCE /* Eco-UsTests.xctest */,
			);
			name = Products;
			sourceTree = "<group>";
		};
		2899365121FCDE3400D2FFCE /* Eco-Us */ = {
			isa = PBXGroup;
			children = (
				2899365221FCDE3400D2FFCE /* AppDelegate.swift */,
				2899365421FCDE3400D2FFCE /* ViewController.swift */,
				2899365621FCDE3400D2FFCE /* Main.storyboard */,
				2899365921FCDE3500D2FFCE /* Assets.xcassets */,
				2899365B21FCDE3500D2FFCE /* LaunchScreen.storyboard */,
				2899365E21FCDE3500D2FFCE /* Info.plist */,
			);
			path = "Eco-Us";
			sourceTree = "<group>";
		};
		2899366621FCDE3600D2FFCE /* Eco-UsTests */ = {
			isa = PBXGroup;
			children = (
				2899366721FCDE3600D2FFCE /* Eco_UsTests.swift */,
				2899366921FCDE3600D2FFCE /* Info.plist */,
			);
			path = "Eco-UsTests";
			sourceTree = "<group>";
		};
/* End PBXGroup section */

/* Begin PBXNativeTarget section */
		2899364E21FCDE3400D2FFCE /* Eco-Us */ = {
			isa = PBXNativeTarget;
			buildConfigurationList = 2899366C21FCDE3600D2FFCE /* Build configuration list for PBXNativeTarget "Eco-Us" */;
			buildPhases = (
				2899364B21FCDE3400D2FFCE /* Sources */,
				2899364C21FCDE3400D2FFCE /* Frameworks */,
				2899364D21FCDE3400D2FFCE /* Resources */,
			);
			buildRules = (
			);
			dependencies = (
			);
			name = "Eco-Us";
			productName = "Eco-Us";
			productReference = 2899364F21FCDE3400D2FFCE /* Eco-Us.app */;
			productType = "com.apple.product-type.application";
		};
		2899366221FCDE3600D2FFCE /* Eco-UsTests */ = {
			isa = PBXNativeTarget;
			buildConfigurationList = 2899366F21FCDE3600D2FFCE /* Build configuration list for PBXNativeTarget "Eco-UsTests" */;
			buildPhases = (
				2899365F21FCDE3600D2FFCE /* Sources */,
				2899366021FCDE3600D2FFCE /* Frameworks */,
				2899366121FCDE3600D2FFCE /* Resources */,
			);
			buildRules = (
			);
			dependencies = (
				2899366521FCDE3600D2FFCE /* PBXTargetDependency */,
			);
			name = "Eco-UsTests";
			productName = "Eco-UsTests";
			productReference = 2899366321FCDE3600D2FFCE /* Eco-UsTests.xctest */;
			productType = "com.apple.product-type.bundle.unit-test";
		};
/* End PBXNativeTarget section */

/* Begin PBXProject section */
		2899364721FCDE3400D2FFCE /* Project object */ = {
			isa = PBXProject;
			attributes = {
				LastSwiftUpdateCheck = 1010;
				LastUpgradeCheck = 1010;
				ORGANIZATIONNAME = "Mansi Gandhi";
				TargetAttributes = {
					2899364E21FCDE3400D2FFCE = {
						CreatedOnToolsVersion = 10.1;
					};
					2899366221FCDE3600D2FFCE = {
						CreatedOnToolsVersion = 10.1;
						TestTargetID = 2899364E21FCDE3400D2FFCE;
					};
				};
			};
			buildConfigurationList = 2899364A21FCDE3400D2FFCE /* Build configuration list for PBXProject "Eco-Us" */;
			compatibilityVersion = "Xcode 9.3";
			developmentRegion = en;
			hasScannedForEncodings = 0;
			knownRegions = (
				en,
				Base,
			);
			mainGroup = 2899364621FCDE3400D2FFCE;
			productRefGroup = 2899365021FCDE3400D2FFCE /* Products */;
			projectDirPath = "";
			projectRoot = "";
			targets = (
				2899364E21FCDE3400D2FFCE /* Eco-Us */,
				2899366221FCDE3600D2FFCE /* Eco-UsTests */,
			);
		};
/* End PBXProject section */

/* Begin PBXResourcesBuildPhase section */
		2899364D21FCDE3400D2FFCE /* Resources */ = {
			isa = PBXResourcesBuildPhase;
			buildActionMask = 2147483647;
			files = (
				2899365D21FCDE3500D2FFCE /* LaunchScreen.storyboard in Resources */,
				2899365A21FCDE3500D2FFCE /* Assets.xcassets in Resources */,
				2899365821FCDE3400D2FFCE /* Main.storyboard in Resources */,
			);
			runOnlyForDeploymentPostprocessing = 0;
		};
		2899366121FCDE3600D2FFCE /* Resources */ = {
			isa = PBXResourcesBuildPhase;
			buildActionMask = 2147483647;
			files = (
			);
			runOnlyForDeploymentPostprocessing = 0;
		};
/* End PBXResourcesBuildPhase section */

/* Begin PBXSourcesBuildPhase section */
		2899364B21FCDE3400D2FFCE /* Sources */ = {
			isa = PBXSourcesBuildPhase;
			buildActionMask = 2147483647;
			files = (
				2899365521FCDE3400D2FFCE /* ViewController.swift in Sources */,
				2899365321FCDE3400D2FFCE /* AppDelegate.swift in Sources */,
			);
			runOnlyForDeploymentPostprocessing = 0;
		};
		2899365F21FCDE3600D2FFCE /* Sources */ = {
			isa = PBXSourcesBuildPhase;
			buildActionMask = 2147483647;
			files = (
				2899366821FCDE3600D2FFCE /* Eco_UsTests.swift in Sources */,
			);
			runOnlyForDeploymentPostprocessing = 0;
		};
/* End PBXSourcesBuildPhase section */

/* Begin PBXTargetDependency section */
		2899366521FCDE3600D2FFCE /* PBXTargetDependency */ = {
			isa = PBXTargetDependency;
			target = 2899364E21FCDE3400D2FFCE /* Eco-Us */;
			targetProxy = 2899366421FCDE3600D2FFCE /* PBXContainerItemProxy */;
		};
/* End PBXTargetDependency section */

/* Begin PBXVariantGroup section */
		2899365621FCDE3400D2FFCE /* Main.storyboard */ = {
			isa = PBXVariantGroup;
			children = (
				2899365721FCDE3400D2FFCE /* Base */,
			);
			name = Main.storyboard;
			sourceTree = "<group>";
		};
		2899365B21FCDE3500D2FFCE /* LaunchScreen.storyboard */ = {
			isa = PBXVariantGroup;
			children = (
				2899365C21FCDE3500D2FFCE /* Base */,
			);
			name = LaunchScreen.storyboard;
			sourceTree = "<group>";
		};
/* End PBXVariantGroup section */

/* Begin XCBuildConfiguration section */
		2899366A21FCDE3600D2FFCE /* Debug */ = {
			isa = XCBuildConfiguration;
			buildSettings = {
				ALWAYS_SEARCH_USER_PATHS = NO;
				CLANG_ANALYZER_NONNULL = YES;
				CLANG_ANALYZER_NUMBER_OBJECT_CONVERSION = YES_AGGRESSIVE;
				CLANG_CXX_LANGUAGE_STANDARD = "gnu++14";
				CLANG_CXX_LIBRARY = "libc++";
				CLANG_ENABLE_MODULES = YES;
				CLANG_ENABLE_OBJC_ARC = YES;
				CLANG_ENABLE_OBJC_WEAK = YES;
				CLANG_WARN_BLOCK_CAPTURE_AUTORELEASING = YES;
				CLANG_WARN_BOOL_CONVERSION = YES;
				CLANG_WARN_COMMA = YES;
				CLANG_WARN_CONSTANT_CONVERSION = YES;
				CLANG_WARN_DEPRECATED_OBJC_IMPLEMENTATIONS = YES;
				CLANG_WARN_DIRECT_OBJC_ISA_USAGE = YES_ERROR;
				CLANG_WARN_DOCUMENTATION_COMMENTS = YES;
				CLANG_WARN_EMPTY_BODY = YES;
				CLANG_WARN_ENUM_CONVERSION = YES;
				CLANG_WARN_INFINITE_RECURSION = YES;
				CLANG_WARN_INT_CONVERSION = YES;
				CLANG_WARN_NON_LITERAL_NULL_CONVERSION = YES;
				CLANG_WARN_OBJC_IMPLICIT_RETAIN_SELF = YES;
				CLANG_WARN_OBJC_LITERAL_CONVERSION = YES;
				CLANG_WARN_OBJC_ROOT_CLASS = YES_ERROR;
				CLANG_WARN_RANGE_LOOP_ANALYSIS = YES;
				CLANG_WARN_STRICT_PROTOTYPES = YES;
				CLANG_WARN_SUSPICIOUS_MOVE = YES;
				CLANG_WARN_UNGUARDED_AVAILABILITY = YES_AGGRESSIVE;
				CLANG_WARN_UNREACHABLE_CODE = YES;
				CLANG_WARN__DUPLICATE_METHOD_MATCH = YES;
				CODE_SIGN_IDENTITY = "iPhone Developer";
				COPY_PHASE_STRIP = NO;
				DEBUG_INFORMATION_FORMAT = dwarf;
				ENABLE_STRICT_OBJC_MSGSEND = YES;
				ENABLE_TESTABILITY = YES;
				GCC_C_LANGUAGE_STANDARD = gnu11;
				GCC_DYNAMIC_NO_PIC = NO;
				GCC_NO_COMMON_BLOCKS = YES;
				GCC_OPTIMIZATION_LEVEL = 0;
				GCC_PREPROCESSOR_DEFINITIONS = (
					"DEBUG=1",
					"$(inherited)",
				);
				GCC_WARN_64_TO_32_BIT_CONVERSION = YES;
				GCC_WARN_ABOUT_RETURN_TYPE = YES_ERROR;
				GCC_WARN_UNDECLARED_SELECTOR = YES;
				GCC_WARN_UNINITIALIZED_AUTOS = YES_AGGRESSIVE;
				GCC_WARN_UNUSED_FUNCTION = YES;
				GCC_WARN_UNUSED_VARIABLE = YES;
				IPHONEOS_DEPLOYMENT_TARGET = 12.1;
				MTL_ENABLE_DEBUG_INFO = INCLUDE_SOURCE;
				MTL_FAST_MATH = YES;
				ONLY_ACTIVE_ARCH = YES;
				SDKROOT = iphoneos;
				SWIFT_ACTIVE_COMPILATION_CONDITIONS = DEBUG;
				SWIFT_OPTIMIZATION_LEVEL = "-Onone";
			};
			name = Debug;
		};
		2899366B21FCDE3600D2FFCE /* Release */ = {
			isa = XCBuildConfiguration;
			buildSettings = {
				ALWAYS_SEARCH_USER_PATHS = NO;
				CLANG_ANALYZER_NONNULL = YES;
				CLANG_ANALYZER_NUMBER_OBJECT_CONVERSION = YES_AGGRESSIVE;
				CLANG_CXX_LANGUAGE_STANDARD = "gnu++14";
				CLANG_CXX_LIBRARY = "libc++";
				CLANG_ENABLE_MODULES = YES;
				CLANG_ENABLE_OBJC_ARC = YES;
				CLANG_ENABLE_OBJC_WEAK = YES;
				CLANG_WARN_BLOCK_CAPTURE_AUTORELEASING = YES;
				CLANG_WARN_BOOL_CONVERSION = YES;
				CLANG_WARN_COMMA = YES;
				CLANG_WARN_CONSTANT_CONVERSION = YES;
				CLANG_WARN_DEPRECATED_OBJC_IMPLEMENTATIONS = YES;
				CLANG_WARN_DIRECT_OBJC_ISA_USAGE = YES_ERROR;
				CLANG_WARN_DOCUMENTATION_COMMENTS = YES;
				CLANG_WARN_EMPTY_BODY = YES;
				CLANG_WARN_ENUM_CONVERSION = YES;
				CLANG_WARN_INFINITE_RECURSION = YES;
				CLANG_WARN_INT_CONVERSION = YES;
				CLANG_WARN_NON_LITERAL_NULL_CONVERSION = YES;
				CLANG_WARN_OBJC_IMPLICIT_RETAIN_SELF = YES;
				CLANG_WARN_OBJC_LITERAL_CONVERSION = YES;
				CLANG_WARN_OBJC_ROOT_CLASS = YES_ERROR;
				CLANG_WARN_RANGE_LOOP_ANALYSIS = YES;
				CLANG_WARN_STRICT_PROTOTYPES = YES;
				CLANG_WARN_SUSPICIOUS_MOVE = YES;
				CLANG_WARN_UNGUARDED_AVAILABILITY = YES_AGGRESSIVE;
				CLANG_WARN_UNREACHABLE_CODE = YES;
				CLANG_WARN__DUPLICATE_METHOD_MATCH = YES;
				CODE_SIGN_IDENTITY = "iPhone Developer";
				COPY_PHASE_STRIP = NO;
				DEBUG_INFORMATION_FORMAT = "dwarf-with-dsym";
				ENABLE_NS_ASSERTIONS = NO;
				ENABLE_STRICT_OBJC_MSGSEND = YES;
				GCC_C_LANGUAGE_STANDARD = gnu11;
				GCC_NO_COMMON_BLOCKS = YES;
				GCC_WARN_64_TO_32_BIT_CONVERSION = YES;
				GCC_WARN_ABOUT_RETURN_TYPE = YES_ERROR;
				GCC_WARN_UNDECLARED_SELECTOR = YES;
				GCC_WARN_UNINITIALIZED_AUTOS = YES_AGGRESSIVE;
				GCC_WARN_UNUSED_FUNCTION = YES;
				GCC_WARN_UNUSED_VARIABLE = YES;
				IPHONEOS_DEPLOYMENT_TARGET = 12.1;
				MTL_ENABLE_DEBUG_INFO = NO;
				MTL_FAST_MATH = YES;
				SDKROOT = iphoneos;
				SWIFT_COMPILATION_MODE = wholemodule;
				SWIFT_OPTIMIZATION_LEVEL = "-O";
				VALIDATE_PRODUCT = YES;
			};
			name = Release;
		};
		2899366D21FCDE3600D2FFCE /* Debug */ = {
			isa = XCBuildConfiguration;
			buildSettings = {
				ASSETCATALOG_COMPILER_APPICON_NAME = AppIcon;
				CODE_SIGN_STYLE = Automatic;
				INFOPLIST_FILE = "Eco-Us/Info.plist";
				LD_RUNPATH_SEARCH_PATHS = (
					"$(inherited)",
					"@executable_path/Frameworks",
				);
				PRODUCT_BUNDLE_IDENTIFIER = "mansimg.Eco-Us";
				PRODUCT_NAME = "$(TARGET_NAME)";
				SWIFT_VERSION = 4.2;
				TARGETED_DEVICE_FAMILY = "1,2";
			};
			name = Debug;
		};
		2899366E21FCDE3600D2FFCE /* Release */ = {
			isa = XCBuildConfiguration;
			buildSettings = {
				ASSETCATALOG_COMPILER_APPICON_NAME = AppIcon;
				CODE_SIGN_STYLE = Automatic;
				INFOPLIST_FILE = "Eco-Us/Info.plist";
				LD_RUNPATH_SEARCH_PATHS = (
					"$(inherited)",
					"@executable_path/Frameworks",
				);
				PRODUCT_BUNDLE_IDENTIFIER = "mansimg.Eco-Us";
				PRODUCT_NAME = "$(TARGET_NAME)";
				SWIFT_VERSION = 4.2;
				TARGETED_DEVICE_FAMILY = "1,2";
			};
			name = Release;
		};
		2899367021FCDE3600D2FFCE /* Debug */ = {
			isa = XCBuildConfiguration;
			buildSettings = {
				ALWAYS_EMBED_SWIFT_STANDARD_LIBRARIES = YES;
				BUNDLE_LOADER = "$(TEST_HOST)";
				CODE_SIGN_STYLE = Automatic;
				INFOPLIST_FILE = "Eco-UsTests/Info.plist";
				LD_RUNPATH_SEARCH_PATHS = (
					"$(inherited)",
					"@executable_path/Frameworks",
					"@loader_path/Frameworks",
				);
				PRODUCT_BUNDLE_IDENTIFIER = "mansimg.Eco-UsTests";
				PRODUCT_NAME = "$(TARGET_NAME)";
				SWIFT_VERSION = 4.2;
				TARGETED_DEVICE_FAMILY = "1,2";
				TEST_HOST = "$(BUILT_PRODUCTS_DIR)/Eco-Us.app/Eco-Us";
			};
			name = Debug;
		};
		2899367121FCDE3600D2FFCE /* Release */ = {
			isa = XCBuildConfiguration;
			buildSettings = {
				ALWAYS_EMBED_SWIFT_STANDARD_LIBRARIES = YES;
				BUNDLE_LOADER = "$(TEST_HOST)";
				CODE_SIGN_STYLE = Automatic;
				INFOPLIST_FILE = "Eco-UsTests/Info.plist";
				LD_RUNPATH_SEARCH_PATHS = (
					"$(inherited)",
					"@executable_path/Frameworks",
					"@loader_path/Frameworks",
				);
				PRODUCT_BUNDLE_IDENTIFIER = "mansimg.Eco-UsTests";
				PRODUCT_NAME = "$(TARGET_NAME)";
				SWIFT_VERSION = 4.2;
				TARGETED_DEVICE_FAMILY = "1,2";
				TEST_HOST = "$(BUILT_PRODUCTS_DIR)/Eco-Us.app/Eco-Us";
			};
			name = Release;
		};
/* End XCBuildConfiguration section */

/* Begin XCConfigurationList section */
		2899364A21FCDE3400D2FFCE /* Build configuration list for PBXProject "Eco-Us" */ = {
			isa = XCConfigurationList;
			buildConfigurations = (
				2899366A21FCDE3600D2FFCE /* Debug */,
				2899366B21FCDE3600D2FFCE /* Release */,
			);
			defaultConfigurationIsVisible = 0;
			defaultConfigurationName = Release;
		};
		2899366C21FCDE3600D2FFCE /* Build configuration list for PBXNativeTarget "Eco-Us" */ = {
			isa = XCConfigurationList;
			buildConfigurations = (
				2899366D21FCDE3600D2FFCE /* Debug */,
				2899366E21FCDE3600D2FFCE /* Release */,
			);
			defaultConfigurationIsVisible = 0;
			defaultConfigurationName = Release;
		};
		2899366F21FCDE3600D2FFCE /* Build configuration list for PBXNativeTarget "Eco-UsTests" */ = {
			isa = XCConfigurationList;
			buildConfigurations = (
				2899367021FCDE3600D2FFCE /* Debug */,
				2899367121FCDE3600D2FFCE /* Release */,
			);
			defaultConfigurationIsVisible = 0;
			defaultConfigurationName = Release;
		};
/* End XCConfigurationList section */
	};
	rootObject = 2899364721FCDE3400D2FFCE /* Project object */;
}
